// !$*UTF8*$!
{
	archiveVersion = 1;
	classes = {
	};
	objectVersion = 46;
	objects = {

/* Begin PBXBuildFile section */
		210913321F04D90B002E6FAF /* AppDelegate.swift in Sources */ = {isa = PBXBuildFile; fileRef = 210913311F04D90B002E6FAF /* AppDelegate.swift */; };
		210913341F04D90B002E6FAF /* ViewController.swift in Sources */ = {isa = PBXBuildFile; fileRef = 210913331F04D90B002E6FAF /* ViewController.swift */; };
		210913371F04D90B002E6FAF /* Main.storyboard in Resources */ = {isa = PBXBuildFile; fileRef = 210913351F04D90B002E6FAF /* Main.storyboard */; };
		210913391F04D90B002E6FAF /* Assets.xcassets in Resources */ = {isa = PBXBuildFile; fileRef = 210913381F04D90B002E6FAF /* Assets.xcassets */; };
		2109133C1F04D90B002E6FAF /* LaunchScreen.storyboard in Resources */ = {isa = PBXBuildFile; fileRef = 2109133A1F04D90B002E6FAF /* LaunchScreen.storyboard */; };
		6A997E941F054056007D828C /* DrawView.swift in Sources */ = {isa = PBXBuildFile; fileRef = 6A997E931F054056007D828C /* DrawView.swift */; };
/* End PBXBuildFile section */

/* Begin PBXFileReference section */
		2109132E1F04D90B002E6FAF /* HuiTuDemo.app */ = {isa = PBXFileReference; explicitFileType = wrapper.application; includeInIndex = 0; path = HuiTuDemo.app; sourceTree = BUILT_PRODUCTS_DIR; };
		210913311F04D90B002E6FAF /* AppDelegate.swift */ = {isa = PBXFileReference; lastKnownFileType = sourcecode.swift; path = AppDelegate.swift; sourceTree = "<group>"; };
		210913331F04D90B002E6FAF /* ViewController.swift */ = {isa = PBXFileReference; indentWidth = 3; lastKnownFileType = sourcecode.swift; path = ViewController.swift; sourceTree = "<group>"; };
		210913361F04D90B002E6FAF /* Base */ = {isa = PBXFileReference; lastKnownFileType = file.storyboard; name = Base; path = Base.lproj/Main.storyboard; sourceTree = "<group>"; };
		210913381F04D90B002E6FAF /* Assets.xcassets */ = {isa = PBXFileReference; lastKnownFileType = folder.assetcatalog; path = Assets.xcassets; sourceTree = "<group>"; };
		2109133B1F04D90B002E6FAF /* Base */ = {isa = PBXFileReference; lastKnownFileType = file.storyboard; name = Base; path = Base.lproj/LaunchScreen.storyboard; sourceTree = "<group>"; };
		2109133D1F04D90B002E6FAF /* Info.plist */ = {isa = PBXFileReference; lastKnownFileType = text.plist.xml; path = Info.plist; sourceTree = "<group>"; };
		6A997E931F054056007D828C /* DrawView.swift */ = {isa = PBXFileReference; fileEncoding = 4; lastKnownFileType = sourcecode.swift; path = DrawView.swift; sourceTree = "<group>"; };
/* End PBXFileReference section */

/* Begin PBXFrameworksBuildPhase section */
		2109132B1F04D90B002E6FAF /* Frameworks */ = {
			isa = PBXFrameworksBuildPhase;
			buildActionMask = 2147483647;
			files = (
			);
			runOnlyForDeploymentPostprocessing = 0;
		};
/* End PBXFrameworksBuildPhase section */

/* Begin PBXGroup section */
		210913251F04D90B002E6FAF = {
			isa = PBXGroup;
			children = (
				210913301F04D90B002E6FAF /* HuiTuDemo */,
				2109132F1F04D90B002E6FAF /* Products */,
			);
			sourceTree = "<group>";
		};
		2109132F1F04D90B002E6FAF /* Products */ = {
			isa = PBXGroup;
			children = (
				2109132E1F04D90B002E6FAF /* HuiTuDemo.app */,
			);
			name = Products;
			sourceTree = "<group>";
		};
		210913301F04D90B002E6FAF /* HuiTuDemo */ = {
			isa = PBXGroup;
			children = (
				210913311F04D90B002E6FAF /* AppDelegate.swift */,
				210913331F04D90B002E6FAF /* ViewController.swift */,
				6A997E931F054056007D828C /* DrawView.swift */,
				210913351F04D90B002E6FAF /* Main.storyboard */,
				210913381F04D90B002E6FAF /* Assets.xcassets */,
				2109133A1F04D90B002E6FAF /* LaunchScreen.storyboard */,
				2109133D1F04D90B002E6FAF /* Info.plist */,
			);
			path = HuiTuDemo;
			sourceTree = "<group>";
		};
/* End PBXGroup section */

/* Begin PBXNativeTarget section */
		2109132D1F04D90B002E6FAF /* HuiTuDemo */ = {
			isa = PBXNativeTarget;
			buildConfigurationList = 210913401F04D90B002E6FAF /* Build configuration list for PBXNativeTarget "HuiTuDemo" */;
			buildPhases = (
				2109132A1F04D90B002E6FAF /* Sources */,
				2109132B1F04D90B002E6FAF /* Frameworks */,
				2109132C1F04D90B002E6FAF /* Resources */,
			);
			buildRules = (
			);
			dependencies = (
			);
			name = HuiTuDemo;
			productName = HuiTuDemo;
			productReference = 2109132E1F04D90B002E6FAF /* HuiTuDemo.app */;
			productType = "com.apple.product-type.application";
		};
/* End PBXNativeTarget section */

/* Begin PBXProject section */
		210913261F04D90B002E6FAF /* Project object */ = {
			isa = PBXProject;
			attributes = {
				LastSwiftUpdateCheck = 0830;
				LastUpgradeCheck = 0830;
				ORGANIZATIONNAME = Win10;
				TargetAttributes = {
					2109132D1F04D90B002E6FAF = {
						CreatedOnToolsVersion = 8.3.1;
						DevelopmentTeam = 9V8T7HZPQN;
						ProvisioningStyle = Automatic;
					};
				};
			};
			buildConfigurationList = 210913291F04D90B002E6FAF /* Build configuration list for PBXProject "HuiTuDemo" */;
			compatibilityVersion = "Xcode 3.2";
			developmentRegion = English;
			hasScannedForEncodings = 0;
			knownRegions = (
				en,
				Base,
			);
			mainGroup = 210913251F04D90B002E6FAF;
			productRefGroup = 2109132F1F04D90B002E6FAF /* Products */;
			projectDirPath = "";
			projectRoot = "";
			targets = (
				2109132D1F04D90B002E6FAF /* HuiTuDemo */,
			);
		};
/* End PBXProject section */

/* Begin PBXResourcesBuildPhase section */
		2109132C1F04D90B002E6FAF /* Resources */ = {
			isa = PBXResourcesBuildPhase;
			buildActionMask = 2147483647;
			files = (
				2109133C1F04D90B002E6FAF /* LaunchScreen.storyboard in Resources */,
				210913391F04D90B002E6FAF /* Assets.xcassets in Resources */,
				210913371F04D90B002E6FAF /* Main.storyboard in Resources */,
			);
			runOnlyForDeploymentPostprocessing = 0;
		};
/* End PBXResourcesBuildPhase section */

/* Begin PBXSourcesBuildPhase section */
		2109132A1F04D90B002E6FAF /* Sources */ = {
			isa = PBXSourcesBuildPhase;
			buildActionMask = 2147483647;
			files = (
				210913341F04D90B002E6FAF /* ViewController.swift in Sources */,
				210913321F04D90B002E6FAF /* AppDelegate.swift in Sources */,
				6A997E941F054056007D828C /* DrawView.swift in Sources */,
			);
			runOnlyForDeploymentPostprocessing = 0;
		};
/* End PBXSourcesBuildPhase section */

/* Begin PBXVariantGroup section */
		210913351F04D90B002E6FAF /* Main.storyboard */ = {
			isa = PBXVariantGroup;
			children = (
				210913361F04D90B002E6FAF /* Base */,
			);
			name = Main.storyboard;
			sourceTree = "<group>";
		};
		2109133A1F04D90B002E6FAF /* LaunchScreen.storyboard */ = {
			isa = PBXVariantGroup;
			children = (
				2109133B1F04D90B002E6FAF /* Base */,
			);
			name = LaunchScreen.storyboard;
			sourceTree = "<group>";
		};
/* End PBXVariantGroup section */

/* Begin XCBuildConfiguration section */
		2109133E1F04D90B002E6FAF /* Debug */ = {
			isa = XCBuildConfiguration;
			buildSettings = {
				ALWAYS_SEARCH_USER_PATHS = NO;
				CLANG_ANALYZER_NONNULL = YES;
				CLANG_ANALYZER_NUMBER_OBJECT_CONVERSION = YES_AGGRESSIVE;
				CLANG_CXX_LANGUAGE_STANDARD = "gnu++0x";
				CLANG_CXX_LIBRARY = "libc++";
				CLANG_ENABLE_MODULES = YES;
				CLANG_ENABLE_OBJC_ARC = YES;
				CLANG_WARN_BOOL_CONVERSION = YES;
				CLANG_WARN_CONSTANT_CONVERSION = YES;
				CLANG_WARN_DIRECT_OBJC_ISA_USAGE = YES_ERROR;
				CLANG_WARN_DOCUMENTATION_COMMENTS = YES;
				CLANG_WARN_EMPTY_BODY = YES;
				CLANG_WARN_ENUM_CONVERSION = YES;
				CLANG_WARN_INFINITE_RECURSION = YES;
				CLANG_WARN_INT_CONVERSION = YES;
				CLANG_WARN_OBJC_ROOT_CLASS = YES_ERROR;
				CLANG_WARN_SUSPICIOUS_MOVE = YES;
				CLANG_WARN_UNREACHABLE_CODE = YES;
				CLANG_WARN__DUPLICATE_METHOD_MATCH = YES;
				"CODE_SIGN_IDENTITY[sdk=iphoneos*]" = "iPhone Developer";
				COPY_PHASE_STRIP = NO;
				DEBUG_INFORMATION_FORMAT = dwarf;
				ENABLE_STRICT_OBJC_MSGSEND = YES;
				ENABLE_TESTABILITY = YES;
				GCC_C_LANGUAGE_STANDARD = gnu99;
				GCC_DYNAMIC_NO_PIC = NO;
				GCC_NO_COMMON_BLOCKS = YES;
				GCC_OPTIMIZATION_LEVEL = 0;
				GCC_PREPROCESSOR_DEFINITIONS = (
					"DEBUG=1",
					"$(inherited)",
				);
				GCC_WARN_64_TO_32_BIT_CONVERSION = YES;
				GCC_WARN_ABOUT_RETURN_TYPE = YES_ERROR;
				GCC_WARN_UNDECLARED_SELECTOR = YES;
				GCC_WARN_UNINITIALIZED_AUTOS = YES_AGGRESSIVE;
				GCC_WARN_UNUSED_FUNCTION = YES;
				GCC_WARN_UNUSED_VARIABLE = YES;
				IPHONEOS_DEPLOYMENT_TARGET = 10.3;
				MTL_ENABLE_DEBUG_INFO = YES;
				ONLY_ACTIVE_ARCH = YES;
				SDKROOT = iphoneos;
				SWIFT_ACTIVE_COMPILATION_CONDITIONS = DEBUG;
				SWIFT_OPTIMIZATION_LEVEL = "-Onone";
			};
			name = Debug;
		};
		2109133F1F04D90B002E6FAF /* Release */ = {
			isa = XCBuildConfiguration;
			buildSettings = {
				ALWAYS_SEARCH_USER_PATHS = NO;
				CLANG_ANALYZER_NONNULL = YES;
				CLANG_ANALYZER_NUMBER_OBJECT_CONVERSION = YES_AGGRESSIVE;
				CLANG_CXX_LANGUAGE_STANDARD = "gnu++0x";
				CLANG_CXX_LIBRARY = "libc++";
				CLANG_ENABLE_MODULES = YES;
				CLANG_ENABLE_OBJC_ARC = YES;
				CLANG_WARN_BOOL_CONVERSION = YES;
				CLANG_WARN_CONSTANT_CONVERSION = YES;
				CLANG_WARN_DIRECT_OBJC_ISA_USAGE = YES_ERROR;
				CLANG_WARN_DOCUMENTATION_COMMENTS = YES;
				CLANG_WARN_EMPTY_BODY = YES;
				CLANG_WARN_ENUM_CONVERSION = YES;
				CLANG_WARN_INFINITE_RECURSION = YES;
				CLANG_WARN_INT_CONVERSION = YES;
				CLANG_WARN_OBJC_ROOT_CLASS = YES_ERROR;
				CLANG_WARN_SUSPICIOUS_MOVE = YES;
				CLANG_WARN_UNREACHABLE_CODE = YES;
				CLANG_WARN__DUPLICATE_METHOD_MATCH = YES;
				"CODE_SIGN_IDENTITY[sdk=iphoneos*]" = "iPhone Developer";
				COPY_PHASE_STRIP = NO;
				DEBUG_INFORMATION_FORMAT = "dwarf-with-dsym";
				ENABLE_NS_ASSERTIONS = NO;
				ENABLE_STRICT_OBJC_MSGSEND = YES;
				GCC_C_LANGUAGE_STANDARD = gnu99;
				GCC_NO_COMMON_BLOCKS = YES;
				GCC_WARN_64_TO_32_BIT_CONVERSION = YES;
				GCC_WARN_ABOUT_RETURN_TYPE = YES_ERROR;
				GCC_WARN_UNDECLARED_SELECTOR = YES;
				GCC_WARN_UNINITIALIZED_AUTOS = YES_AGGRESSIVE;
				GCC_WARN_UNUSED_FUNCTION = YES;
				GCC_WARN_UNUSED_VARIABLE = YES;
				IPHONEOS_DEPLOYMENT_TARGET = 10.3;
				MTL_ENABLE_DEBUG_INFO = NO;
				SDKROOT = iphoneos;
				SWIFT_OPTIMIZATION_LEVEL = "-Owholemodule";
				VALIDATE_PRODUCT = YES;
			};
			name = Release;
		};
		210913411F04D90B002E6FAF /* Debug */ = {
			isa = XCBuildConfiguration;
			buildSettings = {
				ASSETCATALOG_COMPILER_APPICON_NAME = AppIcon;
				DEVELOPMENT_TEAM = 9V8T7HZPQN;
				INFOPLIST_FILE = HuiTuDemo/Info.plist;
				LD_RUNPATH_SEARCH_PATHS = "$(inherited) @executable_path/Frameworks";
				PRODUCT_BUNDLE_IDENTIFIER = com.HuiTuDemo;
				PRODUCT_NAME = "$(TARGET_NAME)";
				SWIFT_VERSION = 3.0;
			};
			name = Debug;
		};
		210913421F04D90B002E6FAF /* Release */ = {
			isa = XCBuildConfiguration;
			buildSettings = {
				ASSETCATALOG_COMPILER_APPICON_NAME = AppIcon;
				DEVELOPMENT_TEAM = 9V8T7HZPQN;
				INFOPLIST_FILE = HuiTuDemo/Info.plist;
				LD_RUNPATH_SEARCH_PATHS = "$(inherited) @executable_path/Frameworks";
				PRODUCT_BUNDLE_IDENTIFIER = com.HuiTuDemo;
				PRODUCT_NAME = "$(TARGET_NAME)";
				SWIFT_VERSION = 3.0;
			};
			name = Release;
		};
/* End XCBuildConfiguration section */

/* Begin XCConfigurationList section */
		210913291F04D90B002E6FAF /* Build configuration list for PBXProject "HuiTuDemo" */ = {
			isa = XCConfigurationList;
			buildConfigurations = (
				2109133E1F04D90B002E6FAF /* Debug */,
				2109133F1F04D90B002E6FAF /* Release */,
			);
			defaultConfigurationIsVisible = 0;
			defaultConfigurationName = Release;
		};
		210913401F04D90B002E6FAF /* Build configuration list for PBXNativeTarget "HuiTuDemo" */ = {
			isa = XCConfigurationList;
			buildConfigurations = (
				210913411F04D90B002E6FAF /* Debug */,
				210913421F04D90B002E6FAF /* Release */,
			);
			defaultConfigurationIsVisible = 0;
			defaultConfigurationName = Release;
		};
/* End XCConfigurationList section */
	};
	rootObject = 210913261F04D90B002E6FAF /* Project object */;
}
